
Microsoft Visual Studio Solution File, Format Version 12.00
# Visual Studio Version 16
VisualStudioVersion = 16.0.30711.63
MinimumVisualStudioVersion = 10.0.40219.1
Project("{FAE04EC0-301F-11D3-BF4B-00C04F79EFBC}") = "RazorPagesMovie", "RazorPagesMovie.csproj", "{5438DA7F-22E9-4DF6-8FC2-0B8FDD42C476}"
EndProject
Global
	GlobalSection(SolutionConfigurationPlatforms) = preSolution
		Debug|Any CPU = Debug|Any CPU
		Release|Any CPU = Release|Any CPU
	EndGlobalSection
	GlobalSection(ProjectConfigurationPlatforms) = postSolution
		{5438DA7F-22E9-4DF6-8FC2-0B8FDD42C476}.Debug|Any CPU.ActiveCfg = Debug|Any CPU
		{5438DA7F-22E9-4DF6-8FC2-0B8FDD42C476}.Debug|Any CPU.Build.0 = Debug|Any CPU
		{5438DA7F-22E9-4DF6-8FC2-0B8FDD42C476}.Release|Any CPU.ActiveCfg = Release|Any CPU
		{5438DA7F-22E9-4DF6-8FC2-0B8FDD42C476}.Release|Any CPU.Build.0 = Release|Any CPU
	EndGlobalSection
	GlobalSection(SolutionProperties) = preSolution
		HideSolutionNode = FALSE
	EndGlobalSection
	GlobalSection(ExtensibilityGlobals) = postSolution
		SolutionGuid = {AE0AD835-348C-4E8B-830D-AD4B8FA8B416}
	EndGlobalSection
EndGlobal
